{
    "name": "@teamhive/capacitor-webview-overlay",
    "version": "1.6.7",
    "lockfileVersion": 2,
    "requires": true,
    "packages": {
        "": {
            "name": "@teamhive/capacitor-webview-overlay",
            "version": "1.6.7",
            "license": "MIT",
            "dependencies": {
                "resize-observer-polyfill": "^1.5.1"
            },
            "devDependencies": {
                "@capacitor/android": "^2.4.2",
                "@capacitor/core": "^2.4.2",
                "@capacitor/ios": "^2.4.2",
                "typescript": "~3.8.3"
            }
        },
        "node_modules/@capacitor/android": {
            "version": "2.5.0",
            "resolved": "https://registry.npmjs.org/@capacitor/android/-/android-2.5.0.tgz",
            "integrity": "sha512-W25F9GRuqNAN9D6Sd5Lj21ibGqzd8006Tf3mfai6MJj8DB3a1TMp+hueRwt+WhDJAS+T2pnljuR3FD/jd4u2Rw==",
            "dev": true,
            "peerDependencies": {
                "@capacitor/core": "~2.5.0"
            }
        },
        "node_modules/@capacitor/core": {
            "version": "2.5.0",
            "resolved": "https://registry.npmjs.org/@capacitor/core/-/core-2.5.0.tgz",
            "integrity": "sha512-WUkUnqqLtlEYn6tly8t6VR0ABlSVbXdlD/gBbYxx0P+gEqMF9b46uYb2YqyH+8HBDANzTweEySpLfhiSUvYS7w==",
            "dev": true,
            "dependencies": {
                "tslib": "^1.9.0"
            }
        },
        "node_modules/@capacitor/ios": {
            "version": "2.5.0",
            "resolved": "https://registry.npmjs.org/@capacitor/ios/-/ios-2.5.0.tgz",
            "integrity": "sha512-KVgSxKCUllbDJg+hJxZrZy81Xy1rv9T/d0sXcdP0a6uLOf+QceAqxmSnuRIw7dqehC0WLChWvOKrgzIevMarRA==",
            "dev": true,
            "peerDependencies": {
                "@capacitor/core": "~2.5.0"
            }
        },
        "node_modules/resize-observer-polyfill": {
            "version": "1.5.1",
            "resolved": "https://registry.npmjs.org/resize-observer-polyfill/-/resize-observer-polyfill-1.5.1.tgz",
            "integrity": "sha512-LwZrotdHOo12nQuZlHEmtuXdqGoOD0OhaxopaNFxWzInpEgaLWoVuAMbTzixuosCx2nEG58ngzW3vxdWoxIgdg=="
        },
        "node_modules/tslib": {
            "version": "1.9.3",
            "resolved": "https://registry.npmjs.org/tslib/-/tslib-1.9.3.tgz",
            "integrity": "sha512-4krF8scpejhaOgqzBEcGM7yDIEfi0/8+8zDRZhNZZ2kjmHJ4hv3zCbQWxoJGz1iw5U0Jl0nma13xzHXcncMavQ==",
            "dev": true
        },
        "node_modules/typescript": {
            "version": "3.8.3",
            "resolved": "https://registry.npmjs.org/typescript/-/typescript-3.8.3.tgz",
            "integrity": "sha512-MYlEfn5VrLNsgudQTVJeNaQFUAI7DkhnOjdpAp4T+ku1TfQClewlbSuTVHiA+8skNBgaf02TL/kLOvig4y3G8w==",
            "dev": true,
            "bin": {
                "tsc": "bin/tsc",
                "tsserver": "bin/tsserver"
            },
            "engines": {
                "node": ">=4.2.0"
            }
        }
    },
    "dependencies": {
        "@capacitor/android": {
            "version": "2.5.0",
            "resolved": "https://registry.npmjs.org/@capacitor/android/-/android-2.5.0.tgz",
            "integrity": "sha512-W25F9GRuqNAN9D6Sd5Lj21ibGqzd8006Tf3mfai6MJj8DB3a1TMp+hueRwt+WhDJAS+T2pnljuR3FD/jd4u2Rw==",
            "dev": true,
            "requires": {}
        },
        "@capacitor/core": {
            "version": "2.5.0",
            "resolved": "https://registry.npmjs.org/@capacitor/core/-/core-2.5.0.tgz",
            "integrity": "sha512-WUkUnqqLtlEYn6tly8t6VR0ABlSVbXdlD/gBbYxx0P+gEqMF9b46uYb2YqyH+8HBDANzTweEySpLfhiSUvYS7w==",
            "dev": true,
            "requires": {
                "tslib": "^1.9.0"
            }
        },
        "@capacitor/ios": {
            "version": "2.5.0",
            "resolved": "https://registry.npmjs.org/@capacitor/ios/-/ios-2.5.0.tgz",
            "integrity": "sha512-KVgSxKCUllbDJg+hJxZrZy81Xy1rv9T/d0sXcdP0a6uLOf+QceAqxmSnuRIw7dqehC0WLChWvOKrgzIevMarRA==",
            "dev": true,
            "requires": {}
        },
        "resize-observer-polyfill": {
            "version": "1.5.1",
            "resolved": "https://registry.npmjs.org/resize-observer-polyfill/-/resize-observer-polyfill-1.5.1.tgz",
            "integrity": "sha512-LwZrotdHOo12nQuZlHEmtuXdqGoOD0OhaxopaNFxWzInpEgaLWoVuAMbTzixuosCx2nEG58ngzW3vxdWoxIgdg=="
        },
        "tslib": {
            "version": "1.9.3",
            "resolved": "https://registry.npmjs.org/tslib/-/tslib-1.9.3.tgz",
            "integrity": "sha512-4krF8scpejhaOgqzBEcGM7yDIEfi0/8+8zDRZhNZZ2kjmHJ4hv3zCbQWxoJGz1iw5U0Jl0nma13xzHXcncMavQ==",
            "dev": true
        },
        "typescript": {
            "version": "3.8.3",
            "resolved": "https://registry.npmjs.org/typescript/-/typescript-3.8.3.tgz",
            "integrity": "sha512-MYlEfn5VrLNsgudQTVJeNaQFUAI7DkhnOjdpAp4T+ku1TfQClewlbSuTVHiA+8skNBgaf02TL/kLOvig4y3G8w==",
            "dev": true
        }
    }
}
